
Microsoft Visual Studio Solution File, Format Version 12.00
# Visual Studio Version 16
VisualStudioVersion = 16.0.30503.244
MinimumVisualStudioVersion = 10.0.40219.1
Project("{FAE04EC0-301F-11D3-BF4B-00C04F79EFBC}") = "BusTransportation", "BusTransportation\BusTransportation.csproj", "{4D84B4FD-DEBF-452E-B8BC-2CFA8C55F1E5}"
EndProject
Project("{FAE04EC0-301F-11D3-BF4B-00C04F79EFBC}") = "BusTransportationTest", "BusTransportationTest\BusTransportationTest.csproj", "{4D6D4BF6-C04F-48F3-AB86-83BF9C4CDEDB}"
EndProject
Global
	GlobalSection(SolutionConfigurationPlatforms) = preSolution
		Debug|Any CPU = Debug|Any CPU
		Release|Any CPU = Release|Any CPU
	EndGlobalSection
	GlobalSection(ProjectConfigurationPlatforms) = postSolution
		{4D84B4FD-DEBF-452E-B8BC-2CFA8C55F1E5}.Debug|Any CPU.ActiveCfg = Debug|Any CPU
		{4D84B4FD-DEBF-452E-B8BC-2CFA8C55F1E5}.Debug|Any CPU.Build.0 = Debug|Any CPU
		{4D84B4FD-DEBF-452E-B8BC-2CFA8C55F1E5}.Release|Any CPU.ActiveCfg = Release|Any CPU
		{4D84B4FD-DEBF-452E-B8BC-2CFA8C55F1E5}.Release|Any CPU.Build.0 = Release|Any CPU
		{4D6D4BF6-C04F-48F3-AB86-83BF9C4CDEDB}.Debug|Any CPU.ActiveCfg = Debug|Any CPU
		{4D6D4BF6-C04F-48F3-AB86-83BF9C4CDEDB}.Debug|Any CPU.Build.0 = Debug|Any CPU
		{4D6D4BF6-C04F-48F3-AB86-83BF9C4CDEDB}.Release|Any CPU.ActiveCfg = Release|Any CPU
		{4D6D4BF6-C04F-48F3-AB86-83BF9C4CDEDB}.Release|Any CPU.Build.0 = Release|Any CPU
	EndGlobalSection
	GlobalSection(SolutionProperties) = preSolution
		HideSolutionNode = FALSE
	EndGlobalSection
	GlobalSection(ExtensibilityGlobals) = postSolution
		SolutionGuid = {A27A07DC-281A-4727-A868-AFC1FC393CE9}
	EndGlobalSection
EndGlobal
